
Microsoft Visual Studio Solution File, Format Version 12.00
# Visual Studio Version 17
VisualStudioVersion = 17.7.34221.43
MinimumVisualStudioVersion = 10.0.40219.1
Project("{FAE04EC0-301F-11D3-BF4B-00C04F79EFBC}") = "Ejercicio01_Palabras", "Ejercicio01_Palabras.csproj", "{DE15E592-B9B4-46BA-A3C9-F4EA3B770B49}"
EndProject
Global
	GlobalSection(SolutionConfigurationPlatforms) = preSolution
		Debug|Any CPU = Debug|Any CPU
		Release|Any CPU = Release|Any CPU
	EndGlobalSection
	GlobalSection(ProjectConfigurationPlatforms) = postSolution
		{DE15E592-B9B4-46BA-A3C9-F4EA3B770B49}.Debug|Any CPU.ActiveCfg = Debug|Any CPU
		{DE15E592-B9B4-46BA-A3C9-F4EA3B770B49}.Debug|Any CPU.Build.0 = Debug|Any CPU
		{DE15E592-B9B4-46BA-A3C9-F4EA3B770B49}.Release|Any CPU.ActiveCfg = Release|Any CPU
		{DE15E592-B9B4-46BA-A3C9-F4EA3B770B49}.Release|Any CPU.Build.0 = Release|Any CPU
	EndGlobalSection
	GlobalSection(SolutionProperties) = preSolution
		HideSolutionNode = FALSE
	EndGlobalSection
	GlobalSection(ExtensibilityGlobals) = postSolution
		SolutionGuid = {C5CFF045-8D76-4FCB-9D1E-E17A249177FD}
	EndGlobalSection
EndGlobal
