
Microsoft Visual Studio Solution File, Format Version 12.00
# Visual Studio Version 17
VisualStudioVersion = 17.4.33213.308
MinimumVisualStudioVersion = 10.0.40219.1
Project("{FAE04EC0-301F-11D3-BF4B-00C04F79EFBC}") = "Ejerccicio02_ListaLibros", "Ejerccicio02_ListaLibros.csproj", "{9056BB56-5CEB-4AC0-8AA5-6B585C496204}"
EndProject
Global
	GlobalSection(SolutionConfigurationPlatforms) = preSolution
		Debug|Any CPU = Debug|Any CPU
		Release|Any CPU = Release|Any CPU
	EndGlobalSection
	GlobalSection(ProjectConfigurationPlatforms) = postSolution
		{9056BB56-5CEB-4AC0-8AA5-6B585C496204}.Debug|Any CPU.ActiveCfg = Debug|Any CPU
		{9056BB56-5CEB-4AC0-8AA5-6B585C496204}.Debug|Any CPU.Build.0 = Debug|Any CPU
		{9056BB56-5CEB-4AC0-8AA5-6B585C496204}.Release|Any CPU.ActiveCfg = Release|Any CPU
		{9056BB56-5CEB-4AC0-8AA5-6B585C496204}.Release|Any CPU.Build.0 = Release|Any CPU
	EndGlobalSection
	GlobalSection(SolutionProperties) = preSolution
		HideSolutionNode = FALSE
	EndGlobalSection
	GlobalSection(ExtensibilityGlobals) = postSolution
		SolutionGuid = {020AAA4C-D8EA-4BD3-8F2F-1D4B9F34879A}
	EndGlobalSection
EndGlobal
