
Microsoft Visual Studio Solution File, Format Version 12.00
# Visual Studio Version 17
VisualStudioVersion = 17.7.34221.43
MinimumVisualStudioVersion = 10.0.40219.1
Project("{FAE04EC0-301F-11D3-BF4B-00C04F79EFBC}") = "Ejercicio06_Cajero", "Ejercicio06_Cajero.csproj", "{02C998BA-CEFD-450E-8CF9-8962C0CB1048}"
EndProject
Global
	GlobalSection(SolutionConfigurationPlatforms) = preSolution
		Debug|Any CPU = Debug|Any CPU
		Release|Any CPU = Release|Any CPU
	EndGlobalSection
	GlobalSection(ProjectConfigurationPlatforms) = postSolution
		{02C998BA-CEFD-450E-8CF9-8962C0CB1048}.Debug|Any CPU.ActiveCfg = Debug|Any CPU
		{02C998BA-CEFD-450E-8CF9-8962C0CB1048}.Debug|Any CPU.Build.0 = Debug|Any CPU
		{02C998BA-CEFD-450E-8CF9-8962C0CB1048}.Release|Any CPU.ActiveCfg = Release|Any CPU
		{02C998BA-CEFD-450E-8CF9-8962C0CB1048}.Release|Any CPU.Build.0 = Release|Any CPU
	EndGlobalSection
	GlobalSection(SolutionProperties) = preSolution
		HideSolutionNode = FALSE
	EndGlobalSection
	GlobalSection(ExtensibilityGlobals) = postSolution
		SolutionGuid = {A941F58E-0986-4A45-B6CC-36B8C768FD2B}
	EndGlobalSection
EndGlobal
