
Microsoft Visual Studio Solution File, Format Version 12.00
# Visual Studio Version 17
VisualStudioVersion = 17.8.34322.80
MinimumVisualStudioVersion = 10.0.40219.1
Project("{FAE04EC0-301F-11D3-BF4B-00C04F79EFBC}") = "MyMauiApp", "MyMauiApp.csproj", "{C059C601-F7ED-47ED-99C1-E2698F8760BD}"
EndProject
Global
	GlobalSection(SolutionConfigurationPlatforms) = preSolution
		Debug|Any CPU = Debug|Any CPU
		Release|Any CPU = Release|Any CPU
	EndGlobalSection
	GlobalSection(ProjectConfigurationPlatforms) = postSolution
		{C059C601-F7ED-47ED-99C1-E2698F8760BD}.Debug|Any CPU.ActiveCfg = Debug|Any CPU
		{C059C601-F7ED-47ED-99C1-E2698F8760BD}.Debug|Any CPU.Build.0 = Debug|Any CPU
		{C059C601-F7ED-47ED-99C1-E2698F8760BD}.Debug|Any CPU.Deploy.0 = Debug|Any CPU
		{C059C601-F7ED-47ED-99C1-E2698F8760BD}.Release|Any CPU.ActiveCfg = Release|Any CPU
		{C059C601-F7ED-47ED-99C1-E2698F8760BD}.Release|Any CPU.Build.0 = Release|Any CPU
		{C059C601-F7ED-47ED-99C1-E2698F8760BD}.Release|Any CPU.Deploy.0 = Release|Any CPU
	EndGlobalSection
	GlobalSection(SolutionProperties) = preSolution
		HideSolutionNode = FALSE
	EndGlobalSection
	GlobalSection(ExtensibilityGlobals) = postSolution
		SolutionGuid = {26D7763B-37A3-48D9-B6BC-399E8D6F6471}
	EndGlobalSection
EndGlobal
