
Microsoft Visual Studio Solution File, Format Version 12.00
# Visual Studio Version 17
VisualStudioVersion = 17.3.32901.215
MinimumVisualStudioVersion = 10.0.40219.1
Project("{FAE04EC0-301F-11D3-BF4B-00C04F79EFBC}") = "WpfAppVSM1", "WpfAppVSM1.csproj", "{30EB368D-1648-4815-942A-1103E128E951}"
EndProject
Global
	GlobalSection(SolutionConfigurationPlatforms) = preSolution
		Debug|Any CPU = Debug|Any CPU
		Release|Any CPU = Release|Any CPU
	EndGlobalSection
	GlobalSection(ProjectConfigurationPlatforms) = postSolution
		{30EB368D-1648-4815-942A-1103E128E951}.Debug|Any CPU.ActiveCfg = Debug|Any CPU
		{30EB368D-1648-4815-942A-1103E128E951}.Debug|Any CPU.Build.0 = Debug|Any CPU
		{30EB368D-1648-4815-942A-1103E128E951}.Release|Any CPU.ActiveCfg = Release|Any CPU
		{30EB368D-1648-4815-942A-1103E128E951}.Release|Any CPU.Build.0 = Release|Any CPU
	EndGlobalSection
	GlobalSection(SolutionProperties) = preSolution
		HideSolutionNode = FALSE
	EndGlobalSection
	GlobalSection(ExtensibilityGlobals) = postSolution
		SolutionGuid = {984224B6-50D9-4F30-AED3-23EF5F0027DC}
	EndGlobalSection
EndGlobal
