
Microsoft Visual Studio Solution File, Format Version 12.00
# Visual Studio Version 17
VisualStudioVersion = 17.3.32901.215
MinimumVisualStudioVersion = 10.0.40219.1
Project("{FAE04EC0-301F-11D3-BF4B-00C04F79EFBC}") = "WpfAppEstilos", "WpfAppEstilos.csproj", "{A9128B59-86EF-49E7-911B-C0B6EE6A5471}"
EndProject
Global
	GlobalSection(SolutionConfigurationPlatforms) = preSolution
		Debug|Any CPU = Debug|Any CPU
		Release|Any CPU = Release|Any CPU
	EndGlobalSection
	GlobalSection(ProjectConfigurationPlatforms) = postSolution
		{A9128B59-86EF-49E7-911B-C0B6EE6A5471}.Debug|Any CPU.ActiveCfg = Debug|Any CPU
		{A9128B59-86EF-49E7-911B-C0B6EE6A5471}.Debug|Any CPU.Build.0 = Debug|Any CPU
		{A9128B59-86EF-49E7-911B-C0B6EE6A5471}.Release|Any CPU.ActiveCfg = Release|Any CPU
		{A9128B59-86EF-49E7-911B-C0B6EE6A5471}.Release|Any CPU.Build.0 = Release|Any CPU
	EndGlobalSection
	GlobalSection(SolutionProperties) = preSolution
		HideSolutionNode = FALSE
	EndGlobalSection
	GlobalSection(ExtensibilityGlobals) = postSolution
		SolutionGuid = {916872EA-69C9-4F4C-9F77-2C753FAF02B7}
	EndGlobalSection
EndGlobal
