
Microsoft Visual Studio Solution File, Format Version 12.00
# Visual Studio Version 17
VisualStudioVersion = 17.7.34221.43
MinimumVisualStudioVersion = 10.0.40219.1
Project("{FAE04EC0-301F-11D3-BF4B-00C04F79EFBC}") = "Ejercicio05_MaquinaExpendedora", "Ejercicio05_MaquinaExpendedora.csproj", "{CCD85B31-A866-4B6F-B9AC-A9918D0C2774}"
EndProject
Global
	GlobalSection(SolutionConfigurationPlatforms) = preSolution
		Debug|Any CPU = Debug|Any CPU
		Release|Any CPU = Release|Any CPU
	EndGlobalSection
	GlobalSection(ProjectConfigurationPlatforms) = postSolution
		{CCD85B31-A866-4B6F-B9AC-A9918D0C2774}.Debug|Any CPU.ActiveCfg = Debug|Any CPU
		{CCD85B31-A866-4B6F-B9AC-A9918D0C2774}.Debug|Any CPU.Build.0 = Debug|Any CPU
		{CCD85B31-A866-4B6F-B9AC-A9918D0C2774}.Release|Any CPU.ActiveCfg = Release|Any CPU
		{CCD85B31-A866-4B6F-B9AC-A9918D0C2774}.Release|Any CPU.Build.0 = Release|Any CPU
	EndGlobalSection
	GlobalSection(SolutionProperties) = preSolution
		HideSolutionNode = FALSE
	EndGlobalSection
	GlobalSection(ExtensibilityGlobals) = postSolution
		SolutionGuid = {1BA3330F-F17D-46FF-B0D5-A6562577F198}
	EndGlobalSection
EndGlobal
