
Microsoft Visual Studio Solution File, Format Version 12.00
# Visual Studio Version 17
VisualStudioVersion = 17.8.34322.80
MinimumVisualStudioVersion = 10.0.40219.1
Project("{FAE04EC0-301F-11D3-BF4B-00C04F79EFBC}") = "MAUI00", "MAUI00.csproj", "{F422F2B9-5AC9-40C4-9B95-55309008B062}"
EndProject
Global
	GlobalSection(SolutionConfigurationPlatforms) = preSolution
		Debug|Any CPU = Debug|Any CPU
		Release|Any CPU = Release|Any CPU
	EndGlobalSection
	GlobalSection(ProjectConfigurationPlatforms) = postSolution
		{F422F2B9-5AC9-40C4-9B95-55309008B062}.Debug|Any CPU.ActiveCfg = Debug|Any CPU
		{F422F2B9-5AC9-40C4-9B95-55309008B062}.Debug|Any CPU.Build.0 = Debug|Any CPU
		{F422F2B9-5AC9-40C4-9B95-55309008B062}.Debug|Any CPU.Deploy.0 = Debug|Any CPU
		{F422F2B9-5AC9-40C4-9B95-55309008B062}.Release|Any CPU.ActiveCfg = Release|Any CPU
		{F422F2B9-5AC9-40C4-9B95-55309008B062}.Release|Any CPU.Build.0 = Release|Any CPU
		{F422F2B9-5AC9-40C4-9B95-55309008B062}.Release|Any CPU.Deploy.0 = Release|Any CPU
	EndGlobalSection
	GlobalSection(SolutionProperties) = preSolution
		HideSolutionNode = FALSE
	EndGlobalSection
	GlobalSection(ExtensibilityGlobals) = postSolution
		SolutionGuid = {E5DB142F-38B2-4116-8395-3ADAE5DC9F5B}
	EndGlobalSection
EndGlobal
